// !$*UTF8*$!
{
	archiveVersion = 1;
	classes = {
	};
	objectVersion = 56;
	objects = {

/* Begin PBXBuildFile section */
		DE3DA79E2A24EE0A003D7914 /* ShoppingAppApp.swift in Sources */ = {isa = PBXBuildFile; fileRef = DE3DA79D2A24EE0A003D7914 /* ShoppingAppApp.swift */; };
		DE3DA7A02A24EE0A003D7914 /* Persistence.swift in Sources */ = {isa = PBXBuildFile; fileRef = DE3DA79F2A24EE0A003D7914 /* Persistence.swift */; };
		DE3DA7A32A24EE0A003D7914 /* ShoppingApp.xcdatamodeld in Sources */ = {isa = PBXBuildFile; fileRef = DE3DA7A12A24EE0A003D7914 /* ShoppingApp.xcdatamodeld */; };
		DE3DA7A52A24EE0A003D7914 /* HomeView.swift in Sources */ = {isa = PBXBuildFile; fileRef = DE3DA7A42A24EE0A003D7914 /* HomeView.swift */; };
		DE3DA7A72A24EE0A003D7914 /* Assets.xcassets in Resources */ = {isa = PBXBuildFile; fileRef = DE3DA7A62A24EE0A003D7914 /* Assets.xcassets */; };
		DE3DA7AB2A24EE0A003D7914 /* Preview Assets.xcassets in Resources */ = {isa = PBXBuildFile; fileRef = DE3DA7AA2A24EE0A003D7914 /* Preview Assets.xcassets */; };
		DE3DA7B52A24EE0B003D7914 /* ShoppingAppTests.swift in Sources */ = {isa = PBXBuildFile; fileRef = DE3DA7B42A24EE0B003D7914 /* ShoppingAppTests.swift */; };
		DE3DA7BF2A24EE0B003D7914 /* ShoppingAppUITests.swift in Sources */ = {isa = PBXBuildFile; fileRef = DE3DA7BE2A24EE0B003D7914 /* ShoppingAppUITests.swift */; };
		DE3DA7C12A24EE0B003D7914 /* ShoppingAppUITestsLaunchTests.swift in Sources */ = {isa = PBXBuildFile; fileRef = DE3DA7C02A24EE0B003D7914 /* ShoppingAppUITestsLaunchTests.swift */; };
		DE5AA6112A34211C00CE7340 /* CartView.swift in Sources */ = {isa = PBXBuildFile; fileRef = DE5AA6102A34211C00CE7340 /* CartView.swift */; };
		DE5AA6132A34629F00CE7340 /* Double+Extension.swift in Sources */ = {isa = PBXBuildFile; fileRef = DE5AA6122A34629F00CE7340 /* Double+Extension.swift */; };
		DE5AA6162A34660A00CE7340 /* Model.swift in Sources */ = {isa = PBXBuildFile; fileRef = DE5AA6152A34660A00CE7340 /* Model.swift */; };
		DE5AA61B2A34847E00CE7340 /* Localizable.strings in Resources */ = {isa = PBXBuildFile; fileRef = DE5AA61D2A34847E00CE7340 /* Localizable.strings */; };
		DE5AA6202A34D09100CE7340 /* LocalizationService.swift in Sources */ = {isa = PBXBuildFile; fileRef = DE5AA61F2A34D09100CE7340 /* LocalizationService.swift */; };
/* End PBXBuildFile section */

/* Begin PBXContainerItemProxy section */
		DE3DA7B12A24EE0B003D7914 /* PBXContainerItemProxy */ = {
			isa = PBXContainerItemProxy;
			containerPortal = DE3DA7922A24EE0A003D7914 /* Project object */;
			proxyType = 1;
			remoteGlobalIDString = DE3DA7992A24EE0A003D7914;
			remoteInfo = ShoppingApp;
		};
		DE3DA7BB2A24EE0B003D7914 /* PBXContainerItemProxy */ = {
			isa = PBXContainerItemProxy;
			containerPortal = DE3DA7922A24EE0A003D7914 /* Project object */;
			proxyType = 1;
			remoteGlobalIDString = DE3DA7992A24EE0A003D7914;
			remoteInfo = ShoppingApp;
		};
/* End PBXContainerItemProxy section */

/* Begin PBXFileReference section */
		DE3DA79A2A24EE0A003D7914 /* ShoppingApp.app */ = {isa = PBXFileReference; explicitFileType = wrapper.application; includeInIndex = 0; path = ShoppingApp.app; sourceTree = BUILT_PRODUCTS_DIR; };
		DE3DA79D2A24EE0A003D7914 /* ShoppingAppApp.swift */ = {isa = PBXFileReference; lastKnownFileType = sourcecode.swift; path = ShoppingAppApp.swift; sourceTree = "<group>"; };
		DE3DA79F2A24EE0A003D7914 /* Persistence.swift */ = {isa = PBXFileReference; lastKnownFileType = sourcecode.swift; path = Persistence.swift; sourceTree = "<group>"; };
		DE3DA7A22A24EE0A003D7914 /* ShoppingApp.xcdatamodel */ = {isa = PBXFileReference; lastKnownFileType = wrapper.xcdatamodel; path = ShoppingApp.xcdatamodel; sourceTree = "<group>"; };
		DE3DA7A42A24EE0A003D7914 /* HomeView.swift */ = {isa = PBXFileReference; lastKnownFileType = sourcecode.swift; path = HomeView.swift; sourceTree = "<group>"; };
		DE3DA7A62A24EE0A003D7914 /* Assets.xcassets */ = {isa = PBXFileReference; lastKnownFileType = folder.assetcatalog; path = Assets.xcassets; sourceTree = "<group>"; };
		DE3DA7A82A24EE0A003D7914 /* ShoppingApp.entitlements */ = {isa = PBXFileReference; lastKnownFileType = text.plist.entitlements; path = ShoppingApp.entitlements; sourceTree = "<group>"; };
		DE3DA7AA2A24EE0A003D7914 /* Preview Assets.xcassets */ = {isa = PBXFileReference; lastKnownFileType = folder.assetcatalog; path = "Preview Assets.xcassets"; sourceTree = "<group>"; };
		DE3DA7B02A24EE0B003D7914 /* ShoppingAppTests.xctest */ = {isa = PBXFileReference; explicitFileType = wrapper.cfbundle; includeInIndex = 0; path = ShoppingAppTests.xctest; sourceTree = BUILT_PRODUCTS_DIR; };
		DE3DA7B42A24EE0B003D7914 /* ShoppingAppTests.swift */ = {isa = PBXFileReference; lastKnownFileType = sourcecode.swift; path = ShoppingAppTests.swift; sourceTree = "<group>"; };
		DE3DA7BA2A24EE0B003D7914 /* ShoppingAppUITests.xctest */ = {isa = PBXFileReference; explicitFileType = wrapper.cfbundle; includeInIndex = 0; path = ShoppingAppUITests.xctest; sourceTree = BUILT_PRODUCTS_DIR; };
		DE3DA7BE2A24EE0B003D7914 /* ShoppingAppUITests.swift */ = {isa = PBXFileReference; lastKnownFileType = sourcecode.swift; path = ShoppingAppUITests.swift; sourceTree = "<group>"; };
		DE3DA7C02A24EE0B003D7914 /* ShoppingAppUITestsLaunchTests.swift */ = {isa = PBXFileReference; lastKnownFileType = sourcecode.swift; path = ShoppingAppUITestsLaunchTests.swift; sourceTree = "<group>"; };
		DE5AA6102A34211C00CE7340 /* CartView.swift */ = {isa = PBXFileReference; lastKnownFileType = sourcecode.swift; path = CartView.swift; sourceTree = "<group>"; };
		DE5AA6122A34629F00CE7340 /* Double+Extension.swift */ = {isa = PBXFileReference; lastKnownFileType = sourcecode.swift; path = "Double+Extension.swift"; sourceTree = "<group>"; };
		DE5AA6152A34660A00CE7340 /* Model.swift */ = {isa = PBXFileReference; lastKnownFileType = sourcecode.swift; path = Model.swift; sourceTree = "<group>"; };
		DE5AA61C2A34847E00CE7340 /* en */ = {isa = PBXFileReference; lastKnownFileType = text.plist.strings; name = en; path = en.lproj/Localizable.strings; sourceTree = "<group>"; };
		DE5AA61E2A34848400CE7340 /* si-LK */ = {isa = PBXFileReference; lastKnownFileType = text.plist.strings; name = "si-LK"; path = "si-LK.lproj/Localizable.strings"; sourceTree = "<group>"; };
		DE5AA61F2A34D09100CE7340 /* LocalizationService.swift */ = {isa = PBXFileReference; lastKnownFileType = sourcecode.swift; path = LocalizationService.swift; sourceTree = "<group>"; };
/* End PBXFileReference section */

/* Begin PBXFrameworksBuildPhase section */
		DE3DA7972A24EE0A003D7914 /* Frameworks */ = {
			isa = PBXFrameworksBuildPhase;
			buildActionMask = 2147483647;
			files = (
			);
			runOnlyForDeploymentPostprocessing = 0;
		};
		DE3DA7AD2A24EE0B003D7914 /* Frameworks */ = {
			isa = PBXFrameworksBuildPhase;
			buildActionMask = 2147483647;
			files = (
			);
			runOnlyForDeploymentPostprocessing = 0;
		};
		DE3DA7B72A24EE0B003D7914 /* Frameworks */ = {
			isa = PBXFrameworksBuildPhase;
			buildActionMask = 2147483647;
			files = (
			);
			runOnlyForDeploymentPostprocessing = 0;
		};
/* End PBXFrameworksBuildPhase section */

/* Begin PBXGroup section */
		DE3DA7912A24EE0A003D7914 = {
			isa = PBXGroup;
			children = (
				DE3DA79C2A24EE0A003D7914 /* ShoppingApp */,
				DE3DA7B32A24EE0B003D7914 /* ShoppingAppTests */,
				DE3DA7BD2A24EE0B003D7914 /* ShoppingAppUITests */,
				DE3DA79B2A24EE0A003D7914 /* Products */,
			);
			sourceTree = "<group>";
		};
		DE3DA79B2A24EE0A003D7914 /* Products */ = {
			isa = PBXGroup;
			children = (
				DE3DA79A2A24EE0A003D7914 /* ShoppingApp.app */,
				DE3DA7B02A24EE0B003D7914 /* ShoppingAppTests.xctest */,
				DE3DA7BA2A24EE0B003D7914 /* ShoppingAppUITests.xctest */,
			);
			name = Products;
			sourceTree = "<group>";
		};
		DE3DA79C2A24EE0A003D7914 /* ShoppingApp */ = {
			isa = PBXGroup;
			children = (
				DE3DA79D2A24EE0A003D7914 /* ShoppingAppApp.swift */,
				DE5AA6152A34660A00CE7340 /* Model.swift */,
				DE5AA6172A34662E00CE7340 /* Utilities */,
				DE5AA6142A3465FD00CE7340 /* View */,
				DE3DA7A62A24EE0A003D7914 /* Assets.xcassets */,
				DE3DA7A82A24EE0A003D7914 /* ShoppingApp.entitlements */,
				DE3DA7A12A24EE0A003D7914 /* ShoppingApp.xcdatamodeld */,
				DE3DA7A92A24EE0A003D7914 /* Preview Content */,
				DE5AA61D2A34847E00CE7340 /* Localizable.strings */,
			);
			path = ShoppingApp;
			sourceTree = "<group>";
		};
		DE3DA7A92A24EE0A003D7914 /* Preview Content */ = {
			isa = PBXGroup;
			children = (
				DE3DA7AA2A24EE0A003D7914 /* Preview Assets.xcassets */,
			);
			path = "Preview Content";
			sourceTree = "<group>";
		};
		DE3DA7B32A24EE0B003D7914 /* ShoppingAppTests */ = {
			isa = PBXGroup;
			children = (
				DE3DA7B42A24EE0B003D7914 /* ShoppingAppTests.swift */,
			);
			path = ShoppingAppTests;
			sourceTree = "<group>";
		};
		DE3DA7BD2A24EE0B003D7914 /* ShoppingAppUITests */ = {
			isa = PBXGroup;
			children = (
				DE3DA7BE2A24EE0B003D7914 /* ShoppingAppUITests.swift */,
				DE3DA7C02A24EE0B003D7914 /* ShoppingAppUITestsLaunchTests.swift */,
			);
			path = ShoppingAppUITests;
			sourceTree = "<group>";
		};
		DE5AA6142A3465FD00CE7340 /* View */ = {
			isa = PBXGroup;
			children = (
				DE3DA7A42A24EE0A003D7914 /* HomeView.swift */,
				DE5AA6102A34211C00CE7340 /* CartView.swift */,
			);
			path = View;
			sourceTree = "<group>";
		};
		DE5AA6172A34662E00CE7340 /* Utilities */ = {
			isa = PBXGroup;
			children = (
				DE3DA79F2A24EE0A003D7914 /* Persistence.swift */,
				DE5AA6182A34663B00CE7340 /* Extensions */,
				DE5AA61F2A34D09100CE7340 /* LocalizationService.swift */,
			);
			path = Utilities;
			sourceTree = "<group>";
		};
		DE5AA6182A34663B00CE7340 /* Extensions */ = {
			isa = PBXGroup;
			children = (
				DE5AA6122A34629F00CE7340 /* Double+Extension.swift */,
			);
			path = Extensions;
			sourceTree = "<group>";
		};
/* End PBXGroup section */

/* Begin PBXNativeTarget section */
		DE3DA7992A24EE0A003D7914 /* ShoppingApp */ = {
			isa = PBXNativeTarget;
			buildConfigurationList = DE3DA7C42A24EE0B003D7914 /* Build configuration list for PBXNativeTarget "ShoppingApp" */;
			buildPhases = (
				DE3DA7962A24EE0A003D7914 /* Sources */,
				DE3DA7972A24EE0A003D7914 /* Frameworks */,
				DE3DA7982A24EE0A003D7914 /* Resources */,
			);
			buildRules = (
			);
			dependencies = (
			);
			name = ShoppingApp;
			productName = ShoppingApp;
			productReference = DE3DA79A2A24EE0A003D7914 /* ShoppingApp.app */;
			productType = "com.apple.product-type.application";
		};
		DE3DA7AF2A24EE0B003D7914 /* ShoppingAppTests */ = {
			isa = PBXNativeTarget;
			buildConfigurationList = DE3DA7C72A24EE0B003D7914 /* Build configuration list for PBXNativeTarget "ShoppingAppTests" */;
			buildPhases = (
				DE3DA7AC2A24EE0B003D7914 /* Sources */,
				DE3DA7AD2A24EE0B003D7914 /* Frameworks */,
				DE3DA7AE2A24EE0B003D7914 /* Resources */,
			);
			buildRules = (
			);
			dependencies = (
				DE3DA7B22A24EE0B003D7914 /* PBXTargetDependency */,
			);
			name = ShoppingAppTests;
			productName = ShoppingAppTests;
			productReference = DE3DA7B02A24EE0B003D7914 /* ShoppingAppTests.xctest */;
			productType = "com.apple.product-type.bundle.unit-test";
		};
		DE3DA7B92A24EE0B003D7914 /* ShoppingAppUITests */ = {
			isa = PBXNativeTarget;
			buildConfigurationList = DE3DA7CA2A24EE0B003D7914 /* Build configuration list for PBXNativeTarget "ShoppingAppUITests" */;
			buildPhases = (
				DE3DA7B62A24EE0B003D7914 /* Sources */,
				DE3DA7B72A24EE0B003D7914 /* Frameworks */,
				DE3DA7B82A24EE0B003D7914 /* Resources */,
			);
			buildRules = (
			);
			dependencies = (
				DE3DA7BC2A24EE0B003D7914 /* PBXTargetDependency */,
			);
			name = ShoppingAppUITests;
			productName = ShoppingAppUITests;
			productReference = DE3DA7BA2A24EE0B003D7914 /* ShoppingAppUITests.xctest */;
			productType = "com.apple.product-type.bundle.ui-testing";
		};
/* End PBXNativeTarget section */

/* Begin PBXProject section */
		DE3DA7922A24EE0A003D7914 /* Project object */ = {
			isa = PBXProject;
			attributes = {
				BuildIndependentTargetsInParallel = 1;
				LastSwiftUpdateCheck = 1430;
				LastUpgradeCheck = 1430;
				TargetAttributes = {
					DE3DA7992A24EE0A003D7914 = {
						CreatedOnToolsVersion = 14.3;
					};
					DE3DA7AF2A24EE0B003D7914 = {
						CreatedOnToolsVersion = 14.3;
						TestTargetID = DE3DA7992A24EE0A003D7914;
					};
					DE3DA7B92A24EE0B003D7914 = {
						CreatedOnToolsVersion = 14.3;
						TestTargetID = DE3DA7992A24EE0A003D7914;
					};
				};
			};
			buildConfigurationList = DE3DA7952A24EE0A003D7914 /* Build configuration list for PBXProject "ShoppingApp" */;
			compatibilityVersion = "Xcode 14.0";
			developmentRegion = en;
			hasScannedForEncodings = 0;
			knownRegions = (
				en,
				Base,
				"si-LK",
			);
			mainGroup = DE3DA7912A24EE0A003D7914;
			productRefGroup = DE3DA79B2A24EE0A003D7914 /* Products */;
			projectDirPath = "";
			projectRoot = "";
			targets = (
				DE3DA7992A24EE0A003D7914 /* ShoppingApp */,
				DE3DA7AF2A24EE0B003D7914 /* ShoppingAppTests */,
				DE3DA7B92A24EE0B003D7914 /* ShoppingAppUITests */,
			);
		};
/* End PBXProject section */

/* Begin PBXResourcesBuildPhase section */
		DE3DA7982A24EE0A003D7914 /* Resources */ = {
			isa = PBXResourcesBuildPhase;
			buildActionMask = 2147483647;
			files = (
				DE3DA7AB2A24EE0A003D7914 /* Preview Assets.xcassets in Resources */,
				DE5AA61B2A34847E00CE7340 /* Localizable.strings in Resources */,
				DE3DA7A72A24EE0A003D7914 /* Assets.xcassets in Resources */,
			);
			runOnlyForDeploymentPostprocessing = 0;
		};
		DE3DA7AE2A24EE0B003D7914 /* Resources */ = {
			isa = PBXResourcesBuildPhase;
			buildActionMask = 2147483647;
			files = (
			);
			runOnlyForDeploymentPostprocessing = 0;
		};
		DE3DA7B82A24EE0B003D7914 /* Resources */ = {
			isa = PBXResourcesBuildPhase;
			buildActionMask = 2147483647;
			files = (
			);
			runOnlyForDeploymentPostprocessing = 0;
		};
/* End PBXResourcesBuildPhase section */

/* Begin PBXSourcesBuildPhase section */
		DE3DA7962A24EE0A003D7914 /* Sources */ = {
			isa = PBXSourcesBuildPhase;
			buildActionMask = 2147483647;
			files = (
				DE5AA6162A34660A00CE7340 /* Model.swift in Sources */,
				DE5AA6112A34211C00CE7340 /* CartView.swift in Sources */,
				DE3DA79E2A24EE0A003D7914 /* ShoppingAppApp.swift in Sources */,
				DE5AA6132A34629F00CE7340 /* Double+Extension.swift in Sources */,
				DE3DA7A32A24EE0A003D7914 /* ShoppingApp.xcdatamodeld in Sources */,
				DE3DA7A52A24EE0A003D7914 /* HomeView.swift in Sources */,
				DE5AA6202A34D09100CE7340 /* LocalizationService.swift in Sources */,
				DE3DA7A02A24EE0A003D7914 /* Persistence.swift in Sources */,
			);
			runOnlyForDeploymentPostprocessing = 0;
		};
		DE3DA7AC2A24EE0B003D7914 /* Sources */ = {
			isa = PBXSourcesBuildPhase;
			buildActionMask = 2147483647;
			files = (
				DE3DA7B52A24EE0B003D7914 /* ShoppingAppTests.swift in Sources */,
			);
			runOnlyForDeploymentPostprocessing = 0;
		};
		DE3DA7B62A24EE0B003D7914 /* Sources */ = {
			isa = PBXSourcesBuildPhase;
			buildActionMask = 2147483647;
			files = (
				DE3DA7C12A24EE0B003D7914 /* ShoppingAppUITestsLaunchTests.swift in Sources */,
				DE3DA7BF2A24EE0B003D7914 /* ShoppingAppUITests.swift in Sources */,
			);
			runOnlyForDeploymentPostprocessing = 0;
		};
/* End PBXSourcesBuildPhase section */

/* Begin PBXTargetDependency section */
		DE3DA7B22A24EE0B003D7914 /* PBXTargetDependency */ = {
			isa = PBXTargetDependency;
			target = DE3DA7992A24EE0A003D7914 /* ShoppingApp */;
			targetProxy = DE3DA7B12A24EE0B003D7914 /* PBXContainerItemProxy */;
		};
		DE3DA7BC2A24EE0B003D7914 /* PBXTargetDependency */ = {
			isa = PBXTargetDependency;
			target = DE3DA7992A24EE0A003D7914 /* ShoppingApp */;
			targetProxy = DE3DA7BB2A24EE0B003D7914 /* PBXContainerItemProxy */;
		};
/* End PBXTargetDependency section */

/* Begin PBXVariantGroup section */
		DE5AA61D2A34847E00CE7340 /* Localizable.strings */ = {
			isa = PBXVariantGroup;
			children = (
				DE5AA61C2A34847E00CE7340 /* en */,
				DE5AA61E2A34848400CE7340 /* si-LK */,
			);
			name = Localizable.strings;
			sourceTree = "<group>";
		};
/* End PBXVariantGroup section */

/* Begin XCBuildConfiguration section */
		DE3DA7C22A24EE0B003D7914 /* Debug */ = {
			isa = XCBuildConfiguration;
			buildSettings = {
				ALWAYS_SEARCH_USER_PATHS = NO;
				CLANG_ANALYZER_NONNULL = YES;
				CLANG_ANALYZER_NUMBER_OBJECT_CONVERSION = YES_AGGRESSIVE;
				CLANG_CXX_LANGUAGE_STANDARD = "gnu++20";
				CLANG_ENABLE_MODULES = YES;
				CLANG_ENABLE_OBJC_ARC = YES;
				CLANG_ENABLE_OBJC_WEAK = YES;
				CLANG_WARN_BLOCK_CAPTURE_AUTORELEASING = YES;
				CLANG_WARN_BOOL_CONVERSION = YES;
				CLANG_WARN_COMMA = YES;
				CLANG_WARN_CONSTANT_CONVERSION = YES;
				CLANG_WARN_DEPRECATED_OBJC_IMPLEMENTATIONS = YES;
				CLANG_WARN_DIRECT_OBJC_ISA_USAGE = YES_ERROR;
				CLANG_WARN_DOCUMENTATION_COMMENTS = YES;
				CLANG_WARN_EMPTY_BODY = YES;
				CLANG_WARN_ENUM_CONVERSION = YES;
				CLANG_WARN_INFINITE_RECURSION = YES;
				CLANG_WARN_INT_CONVERSION = YES;
				CLANG_WARN_NON_LITERAL_NULL_CONVERSION = YES;
				CLANG_WARN_OBJC_IMPLICIT_RETAIN_SELF = YES;
				CLANG_WARN_OBJC_LITERAL_CONVERSION = YES;
				CLANG_WARN_OBJC_ROOT_CLASS = YES_ERROR;
				CLANG_WARN_QUOTED_INCLUDE_IN_FRAMEWORK_HEADER = YES;
				CLANG_WARN_RANGE_LOOP_ANALYSIS = YES;
				CLANG_WARN_STRICT_PROTOTYPES = YES;
				CLANG_WARN_SUSPICIOUS_MOVE = YES;
				CLANG_WARN_UNGUARDED_AVAILABILITY = YES_AGGRESSIVE;
				CLANG_WARN_UNREACHABLE_CODE = YES;
				CLANG_WARN__DUPLICATE_METHOD_MATCH = YES;
				COPY_PHASE_STRIP = NO;
				DEBUG_INFORMATION_FORMAT = dwarf;
				ENABLE_STRICT_OBJC_MSGSEND = YES;
				ENABLE_TESTABILITY = YES;
				GCC_C_LANGUAGE_STANDARD = gnu11;
				GCC_DYNAMIC_NO_PIC = NO;
				GCC_NO_COMMON_BLOCKS = YES;
				GCC_OPTIMIZATION_LEVEL = 0;
				GCC_PREPROCESSOR_DEFINITIONS = (
					"DEBUG=1",
					"$(inherited)",
				);
				GCC_WARN_64_TO_32_BIT_CONVERSION = YES;
				GCC_WARN_ABOUT_RETURN_TYPE = YES_ERROR;
				GCC_WARN_UNDECLARED_SELECTOR = YES;
				GCC_WARN_UNINITIALIZED_AUTOS = YES_AGGRESSIVE;
				GCC_WARN_UNUSED_FUNCTION = YES;
				GCC_WARN_UNUSED_VARIABLE = YES;
				IPHONEOS_DEPLOYMENT_TARGET = 16.1;
				MACOSX_DEPLOYMENT_TARGET = 13.1;
				MTL_ENABLE_DEBUG_INFO = INCLUDE_SOURCE;
				MTL_FAST_MATH = YES;
				ONLY_ACTIVE_ARCH = YES;
				SWIFT_ACTIVE_COMPILATION_CONDITIONS = DEBUG;
				SWIFT_OPTIMIZATION_LEVEL = "-Onone";
			};
			name = Debug;
		};
		DE3DA7C32A24EE0B003D7914 /* Release */ = {
			isa = XCBuildConfiguration;
			buildSettings = {
				ALWAYS_SEARCH_USER_PATHS = NO;
				CLANG_ANALYZER_NONNULL = YES;
				CLANG_ANALYZER_NUMBER_OBJECT_CONVERSION = YES_AGGRESSIVE;
				CLANG_CXX_LANGUAGE_STANDARD = "gnu++20";
				CLANG_ENABLE_MODULES = YES;
				CLANG_ENABLE_OBJC_ARC = YES;
				CLANG_ENABLE_OBJC_WEAK = YES;
				CLANG_WARN_BLOCK_CAPTURE_AUTORELEASING = YES;
				CLANG_WARN_BOOL_CONVERSION = YES;
				CLANG_WARN_COMMA = YES;
				CLANG_WARN_CONSTANT_CONVERSION = YES;
				CLANG_WARN_DEPRECATED_OBJC_IMPLEMENTATIONS = YES;
				CLANG_WARN_DIRECT_OBJC_ISA_USAGE = YES_ERROR;
				CLANG_WARN_DOCUMENTATION_COMMENTS = YES;
				CLANG_WARN_EMPTY_BODY = YES;
				CLANG_WARN_ENUM_CONVERSION = YES;
				CLANG_WARN_INFINITE_RECURSION = YES;
				CLANG_WARN_INT_CONVERSION = YES;
				CLANG_WARN_NON_LITERAL_NULL_CONVERSION = YES;
				CLANG_WARN_OBJC_IMPLICIT_RETAIN_SELF = YES;
				CLANG_WARN_OBJC_LITERAL_CONVERSION = YES;
				CLANG_WARN_OBJC_ROOT_CLASS = YES_ERROR;
				CLANG_WARN_QUOTED_INCLUDE_IN_FRAMEWORK_HEADER = YES;
				CLANG_WARN_RANGE_LOOP_ANALYSIS = YES;
				CLANG_WARN_STRICT_PROTOTYPES = YES;
				CLANG_WARN_SUSPICIOUS_MOVE = YES;
				CLANG_WARN_UNGUARDED_AVAILABILITY = YES_AGGRESSIVE;
				CLANG_WARN_UNREACHABLE_CODE = YES;
				CLANG_WARN__DUPLICATE_METHOD_MATCH = YES;
				COPY_PHASE_STRIP = NO;
				DEBUG_INFORMATION_FORMAT = "dwarf-with-dsym";
				ENABLE_NS_ASSERTIONS = NO;
				ENABLE_STRICT_OBJC_MSGSEND = YES;
				GCC_C_LANGUAGE_STANDARD = gnu11;
				GCC_NO_COMMON_BLOCKS = YES;
				GCC_WARN_64_TO_32_BIT_CONVERSION = YES;
				GCC_WARN_ABOUT_RETURN_TYPE = YES_ERROR;
				GCC_WARN_UNDECLARED_SELECTOR = YES;
				GCC_WARN_UNINITIALIZED_AUTOS = YES_AGGRESSIVE;
				GCC_WARN_UNUSED_FUNCTION = YES;
				GCC_WARN_UNUSED_VARIABLE = YES;
				IPHONEOS_DEPLOYMENT_TARGET = 16.1;
				MACOSX_DEPLOYMENT_TARGET = 13.1;
				MTL_ENABLE_DEBUG_INFO = NO;
				MTL_FAST_MATH = YES;
				SWIFT_COMPILATION_MODE = wholemodule;
				SWIFT_OPTIMIZATION_LEVEL = "-O";
			};
			name = Release;
		};
		DE3DA7C52A24EE0B003D7914 /* Debug */ = {
			isa = XCBuildConfiguration;
			buildSettings = {
				ASSETCATALOG_COMPILER_APPICON_NAME = AppIcon;
				ASSETCATALOG_COMPILER_GLOBAL_ACCENT_COLOR_NAME = AccentColor;
				CODE_SIGN_ENTITLEMENTS = ShoppingApp/ShoppingApp.entitlements;
				CODE_SIGN_STYLE = Automatic;
				CURRENT_PROJECT_VERSION = 1;
				DEVELOPMENT_ASSET_PATHS = "\"ShoppingApp/Preview Content\"";
				DEVELOPMENT_TEAM = 4Z489YMAWD;
				ENABLE_HARDENED_RUNTIME = YES;
				ENABLE_PREVIEWS = YES;
				GENERATE_INFOPLIST_FILE = YES;
				"INFOPLIST_KEY_UIApplicationSceneManifest_Generation[sdk=iphoneos*]" = YES;
				"INFOPLIST_KEY_UIApplicationSceneManifest_Generation[sdk=iphonesimulator*]" = YES;
				"INFOPLIST_KEY_UIApplicationSupportsIndirectInputEvents[sdk=iphoneos*]" = YES;
				"INFOPLIST_KEY_UIApplicationSupportsIndirectInputEvents[sdk=iphonesimulator*]" = YES;
				"INFOPLIST_KEY_UILaunchScreen_Generation[sdk=iphoneos*]" = YES;
				"INFOPLIST_KEY_UILaunchScreen_Generation[sdk=iphonesimulator*]" = YES;
				"INFOPLIST_KEY_UIStatusBarStyle[sdk=iphoneos*]" = UIStatusBarStyleDefault;
				"INFOPLIST_KEY_UIStatusBarStyle[sdk=iphonesimulator*]" = UIStatusBarStyleDefault;
				INFOPLIST_KEY_UISupportedInterfaceOrientations_iPad = "UIInterfaceOrientationPortrait UIInterfaceOrientationPortraitUpsideDown UIInterfaceOrientationLandscapeLeft UIInterfaceOrientationLandscapeRight";
				INFOPLIST_KEY_UISupportedInterfaceOrientations_iPhone = "UIInterfaceOrientationPortrait UIInterfaceOrientationLandscapeLeft UIInterfaceOrientationLandscapeRight";
				IPHONEOS_DEPLOYMENT_TARGET = 16.1;
				LD_RUNPATH_SEARCH_PATHS = "@executable_path/Frameworks";
				"LD_RUNPATH_SEARCH_PATHS[sdk=macosx*]" = "@executable_path/../Frameworks";
				MACOSX_DEPLOYMENT_TARGET = 13.0;
				MARKETING_VERSION = 1.0;
				PRODUCT_BUNDLE_IDENTIFIER = com.test.ShoppingApp;
				PRODUCT_NAME = "$(TARGET_NAME)";
				SDKROOT = auto;
				SUPPORTED_PLATFORMS = "iphoneos iphonesimulator";
				SUPPORTS_MACCATALYST = NO;
				SUPPORTS_MAC_DESIGNED_FOR_IPHONE_IPAD = NO;
				SWIFT_EMIT_LOC_STRINGS = YES;
				SWIFT_VERSION = 5.0;
				TARGETED_DEVICE_FAMILY = 1;
			};
			name = Debug;
		};
		DE3DA7C62A24EE0B003D7914 /* Release */ = {
			isa = XCBuildConfiguration;
			buildSettings = {
				ASSETCATALOG_COMPILER_APPICON_NAME = AppIcon;
				ASSETCATALOG_COMPILER_GLOBAL_ACCENT_COLOR_NAME = AccentColor;
				CODE_SIGN_ENTITLEMENTS = ShoppingApp/ShoppingApp.entitlements;
				CODE_SIGN_STYLE = Automatic;
				CURRENT_PROJECT_VERSION = 1;
				DEVELOPMENT_ASSET_PATHS = "\"ShoppingApp/Preview Content\"";
				DEVELOPMENT_TEAM = 4Z489YMAWD;
				ENABLE_HARDENED_RUNTIME = YES;
				ENABLE_PREVIEWS = YES;
				GENERATE_INFOPLIST_FILE = YES;
				"INFOPLIST_KEY_UIApplicationSceneManifest_Generation[sdk=iphoneos*]" = YES;
				"INFOPLIST_KEY_UIApplicationSceneManifest_Generation[sdk=iphonesimulator*]" = YES;
				"INFOPLIST_KEY_UIApplicationSupportsIndirectInputEvents[sdk=iphoneos*]" = YES;
				"INFOPLIST_KEY_UIApplicationSupportsIndirectInputEvents[sdk=iphonesimulator*]" = YES;
				"INFOPLIST_KEY_UILaunchScreen_Generation[sdk=iphoneos*]" = YES;
				"INFOPLIST_KEY_UILaunchScreen_Generation[sdk=iphonesimulator*]" = YES;
				"INFOPLIST_KEY_UIStatusBarStyle[sdk=iphoneos*]" = UIStatusBarStyleDefault;
				"INFOPLIST_KEY_UIStatusBarStyle[sdk=iphonesimulator*]" = UIStatusBarStyleDefault;
				INFOPLIST_KEY_UISupportedInterfaceOrientations_iPad = "UIInterfaceOrientationPortrait UIInterfaceOrientationPortraitUpsideDown UIInterfaceOrientationLandscapeLeft UIInterfaceOrientationLandscapeRight";
				INFOPLIST_KEY_UISupportedInterfaceOrientations_iPhone = "UIInterfaceOrientationPortrait UIInterfaceOrientationLandscapeLeft UIInterfaceOrientationLandscapeRight";
				IPHONEOS_DEPLOYMENT_TARGET = 16.1;
				LD_RUNPATH_SEARCH_PATHS = "@executable_path/Frameworks";
				"LD_RUNPATH_SEARCH_PATHS[sdk=macosx*]" = "@executable_path/../Frameworks";
				MACOSX_DEPLOYMENT_TARGET = 13.0;
				MARKETING_VERSION = 1.0;
				PRODUCT_BUNDLE_IDENTIFIER = com.test.ShoppingApp;
				PRODUCT_NAME = "$(TARGET_NAME)";
				SDKROOT = auto;
				SUPPORTED_PLATFORMS = "iphoneos iphonesimulator";
				SUPPORTS_MACCATALYST = NO;
				SUPPORTS_MAC_DESIGNED_FOR_IPHONE_IPAD = NO;
				SWIFT_EMIT_LOC_STRINGS = YES;
				SWIFT_VERSION = 5.0;
				TARGETED_DEVICE_FAMILY = 1;
			};
			name = Release;
		};
		DE3DA7C82A24EE0B003D7914 /* Debug */ = {
			isa = XCBuildConfiguration;
			buildSettings = {
				ALWAYS_EMBED_SWIFT_STANDARD_LIBRARIES = YES;
				BUNDLE_LOADER = "$(TEST_HOST)";
				CODE_SIGN_STYLE = Automatic;
				CURRENT_PROJECT_VERSION = 1;
				DEVELOPMENT_TEAM = 4Z489YMAWD;
				GENERATE_INFOPLIST_FILE = YES;
				IPHONEOS_DEPLOYMENT_TARGET = 16.1;
				MACOSX_DEPLOYMENT_TARGET = 13.1;
				MARKETING_VERSION = 1.0;
				PRODUCT_BUNDLE_IDENTIFIER = com.test.ShoppingAppTests;
				PRODUCT_NAME = "$(TARGET_NAME)";
				SDKROOT = auto;
				SUPPORTED_PLATFORMS = "iphoneos iphonesimulator macosx";
				SWIFT_EMIT_LOC_STRINGS = NO;
				SWIFT_VERSION = 5.0;
				TARGETED_DEVICE_FAMILY = "1,2";
				TEST_HOST = "$(BUILT_PRODUCTS_DIR)/ShoppingApp.app/$(BUNDLE_EXECUTABLE_FOLDER_PATH)/ShoppingApp";
			};
			name = Debug;
		};
		DE3DA7C92A24EE0B003D7914 /* Release */ = {
			isa = XCBuildConfiguration;
			buildSettings = {
				ALWAYS_EMBED_SWIFT_STANDARD_LIBRARIES = YES;
				BUNDLE_LOADER = "$(TEST_HOST)";
				CODE_SIGN_STYLE = Automatic;
				CURRENT_PROJECT_VERSION = 1;
				DEVELOPMENT_TEAM = 4Z489YMAWD;
				GENERATE_INFOPLIST_FILE = YES;
				IPHONEOS_DEPLOYMENT_TARGET = 16.1;
				MACOSX_DEPLOYMENT_TARGET = 13.1;
				MARKETING_VERSION = 1.0;
				PRODUCT_BUNDLE_IDENTIFIER = com.test.ShoppingAppTests;
				PRODUCT_NAME = "$(TARGET_NAME)";
				SDKROOT = auto;
				SUPPORTED_PLATFORMS = "iphoneos iphonesimulator macosx";
				SWIFT_EMIT_LOC_STRINGS = NO;
				SWIFT_VERSION = 5.0;
				TARGETED_DEVICE_FAMILY = "1,2";
				TEST_HOST = "$(BUILT_PRODUCTS_DIR)/ShoppingApp.app/$(BUNDLE_EXECUTABLE_FOLDER_PATH)/ShoppingApp";
			};
			name = Release;
		};
		DE3DA7CB2A24EE0B003D7914 /* Debug */ = {
			isa = XCBuildConfiguration;
			buildSettings = {
				ALWAYS_EMBED_SWIFT_STANDARD_LIBRARIES = YES;
				CODE_SIGN_STYLE = Automatic;
				CURRENT_PROJECT_VERSION = 1;
				DEVELOPMENT_TEAM = 4Z489YMAWD;
				GENERATE_INFOPLIST_FILE = YES;
				IPHONEOS_DEPLOYMENT_TARGET = 16.1;
				MACOSX_DEPLOYMENT_TARGET = 13.1;
				MARKETING_VERSION = 1.0;
				PRODUCT_BUNDLE_IDENTIFIER = com.test.ShoppingAppUITests;
				PRODUCT_NAME = "$(TARGET_NAME)";
				SDKROOT = auto;
				SUPPORTED_PLATFORMS = "iphoneos iphonesimulator macosx";
				SWIFT_EMIT_LOC_STRINGS = NO;
				SWIFT_VERSION = 5.0;
				TARGETED_DEVICE_FAMILY = "1,2";
				TEST_TARGET_NAME = ShoppingApp;
			};
			name = Debug;
		};
		DE3DA7CC2A24EE0B003D7914 /* Release */ = {
			isa = XCBuildConfiguration;
			buildSettings = {
				ALWAYS_EMBED_SWIFT_STANDARD_LIBRARIES = YES;
				CODE_SIGN_STYLE = Automatic;
				CURRENT_PROJECT_VERSION = 1;
				DEVELOPMENT_TEAM = 4Z489YMAWD;
				GENERATE_INFOPLIST_FILE = YES;
				IPHONEOS_DEPLOYMENT_TARGET = 16.1;
				MACOSX_DEPLOYMENT_TARGET = 13.1;
				MARKETING_VERSION = 1.0;
				PRODUCT_BUNDLE_IDENTIFIER = com.test.ShoppingAppUITests;
				PRODUCT_NAME = "$(TARGET_NAME)";
				SDKROOT = auto;
				SUPPORTED_PLATFORMS = "iphoneos iphonesimulator macosx";
				SWIFT_EMIT_LOC_STRINGS = NO;
				SWIFT_VERSION = 5.0;
				TARGETED_DEVICE_FAMILY = "1,2";
				TEST_TARGET_NAME = ShoppingApp;
			};
			name = Release;
		};
/* End XCBuildConfiguration section */

/* Begin XCConfigurationList section */
		DE3DA7952A24EE0A003D7914 /* Build configuration list for PBXProject "ShoppingApp" */ = {
			isa = XCConfigurationList;
			buildConfigurations = (
				DE3DA7C22A24EE0B003D7914 /* Debug */,
				DE3DA7C32A24EE0B003D7914 /* Release */,
			);
			defaultConfigurationIsVisible = 0;
			defaultConfigurationName = Release;
		};
		DE3DA7C42A24EE0B003D7914 /* Build configuration list for PBXNativeTarget "ShoppingApp" */ = {
			isa = XCConfigurationList;
			buildConfigurations = (
				DE3DA7C52A24EE0B003D7914 /* Debug */,
				DE3DA7C62A24EE0B003D7914 /* Release */,
			);
			defaultConfigurationIsVisible = 0;
			defaultConfigurationName = Release;
		};
		DE3DA7C72A24EE0B003D7914 /* Build configuration list for PBXNativeTarget "ShoppingAppTests" */ = {
			isa = XCConfigurationList;
			buildConfigurations = (
				DE3DA7C82A24EE0B003D7914 /* Debug */,
				DE3DA7C92A24EE0B003D7914 /* Release */,
			);
			defaultConfigurationIsVisible = 0;
			defaultConfigurationName = Release;
		};
		DE3DA7CA2A24EE0B003D7914 /* Build configuration list for PBXNativeTarget "ShoppingAppUITests" */ = {
			isa = XCConfigurationList;
			buildConfigurations = (
				DE3DA7CB2A24EE0B003D7914 /* Debug */,
				DE3DA7CC2A24EE0B003D7914 /* Release */,
			);
			defaultConfigurationIsVisible = 0;
			defaultConfigurationName = Release;
		};
/* End XCConfigurationList section */

/* Begin XCVersionGroup section */
		DE3DA7A12A24EE0A003D7914 /* ShoppingApp.xcdatamodeld */ = {
			isa = XCVersionGroup;
			children = (
				DE3DA7A22A24EE0A003D7914 /* ShoppingApp.xcdatamodel */,
			);
			currentVersion = DE3DA7A22A24EE0A003D7914 /* ShoppingApp.xcdatamodel */;
			path = ShoppingApp.xcdatamodeld;
			sourceTree = "<group>";
			versionGroupType = wrapper.xcdatamodel;
		};
/* End XCVersionGroup section */
	};
	rootObject = DE3DA7922A24EE0A003D7914 /* Project object */;
}
